
Microsoft Visual Studio Solution File, Format Version 12.00
# Visual Studio Version 17
VisualStudioVersion = 17.9.34728.123
MinimumVisualStudioVersion = 10.0.40219.1
Project("{FAE04EC0-301F-11D3-BF4B-00C04F79EFBC}") = "proyectoIIIç", "proyectoIIIç\proyectoIIIç.csproj", "{EA1EE9E1-7424-48E2-BDEB-992DED010B0B}"
EndProject
Global
	GlobalSection(SolutionConfigurationPlatforms) = preSolution
		Debug|Any CPU = Debug|Any CPU
		Release|Any CPU = Release|Any CPU
	EndGlobalSection
	GlobalSection(ProjectConfigurationPlatforms) = postSolution
		{EA1EE9E1-7424-48E2-BDEB-992DED010B0B}.Debug|Any CPU.ActiveCfg = Debug|Any CPU
		{EA1EE9E1-7424-48E2-BDEB-992DED010B0B}.Debug|Any CPU.Build.0 = Debug|Any CPU
		{EA1EE9E1-7424-48E2-BDEB-992DED010B0B}.Release|Any CPU.ActiveCfg = Release|Any CPU
		{EA1EE9E1-7424-48E2-BDEB-992DED010B0B}.Release|Any CPU.Build.0 = Release|Any CPU
	EndGlobalSection
	GlobalSection(SolutionProperties) = preSolution
		HideSolutionNode = FALSE
	EndGlobalSection
	GlobalSection(ExtensibilityGlobals) = postSolution
		SolutionGuid = {0EF63600-C30E-4B11-8249-7708AE8DF201}
	EndGlobalSection
EndGlobal
